<?xml version="1.0" encoding="utf-8"?>
<Project ToolsVersion="4.0" xmlns="http://schemas.microsoft.com/developer/msbuild/2003">
  <ItemGroup>
    <Filter Include="Source Files">
      <UniqueIdentifier>{4FC737F1-C7A5-4376-A066-2A32D752A2FF}</UniqueIdentifier>
      <Extensions>cpp;c;cc;cxx;def;odl;idl;hpj;bat;asm;asmx</Extensions>
    </Filter>
    <Filter Include="Shaders">
      <UniqueIdentifier>{e5966bd1-11db-47b1-9871-270467879372}</UniqueIdentifier>
    </Filter>
    <Filter Include="Source">
      <UniqueIdentifier>{93995380-89BD-4b04-88EB-625FBE52EBFB}</UniqueIdentifier>
      <Extensions>h;hh;hpp;hxx;hm;inl;inc;ipp;xsd</Extensions>
    </Filter>
    <Filter Include="Source\Platforms">
      <UniqueIdentifier>{8a3673d7-1ae4-4722-a7fb-90022bbe7be1}</UniqueIdentifier>
    </Filter>
    <Filter Include="Source\Renderer">
      <UniqueIdentifier>{cfefb2d1-747e-410f-894e-04c88556a23c}</UniqueIdentifier>
    </Filter>
    <Filter Include="Source\Vulkan">
      <UniqueIdentifier>{b92d8b85-c159-4d27-a3d0-53445f7a0ee3}</UniqueIdentifier>
    </Filter>
    <Filter Include="Source\Components">
      <UniqueIdentifier>{fcacbb59-7333-4150-b19e-2ba18ce8cadb}</UniqueIdentifier>
    </Filter>
    <Filter Include="Source\Engine">
      <UniqueIdentifier>{79239352-4301-4ef0-bb1c-a94a04cd2310}</UniqueIdentifier>
    </Filter>
    <Filter Include="Source\Physics">
      <UniqueIdentifier>{2ea3e4fb-8478-4ac6-8aec-7816e70b388b}</UniqueIdentifier>
    </Filter>
    <Filter Include="Source\Vulkan\SPIRV-Cross">
      <UniqueIdentifier>{cb045061-4184-4be1-9e0a-0745f217c51f}</UniqueIdentifier>
    </Filter>
    <Filter Include="Source\DRM">
      <UniqueIdentifier>{6feafe98-9750-45ea-bfeb-487c5349b673}</UniqueIdentifier>
    </Filter>
    <Filter Include="Source\ECS">
      <UniqueIdentifier>{fd042fa3-58d0-4e00-8180-0946d3cf194e}</UniqueIdentifier>
    </Filter>
    <Filter Include="Source\Systems">
      <UniqueIdentifier>{ef760974-075e-4afe-acb4-6cb2fb80696d}</UniqueIdentifier>
    </Filter>
    <Filter Include="Config">
      <UniqueIdentifier>{485e3718-7358-4f14-8ac4-3aec2255e1e7}</UniqueIdentifier>
    </Filter>
  </ItemGroup>
  <ItemGroup>
    <ClInclude Include="SPIRV-Cross\GLSL.std.450.h">
      <Filter>Source\Vulkan\SPIRV-Cross</Filter>
    </ClInclude>
    <ClInclude Include="SPIRV-Cross\spirv.hpp">
      <Filter>Source\Vulkan\SPIRV-Cross</Filter>
    </ClInclude>
    <ClInclude Include="SPIRV-Cross\spirv_cfg.hpp">
      <Filter>Source\Vulkan\SPIRV-Cross</Filter>
    </ClInclude>
    <ClInclude Include="SPIRV-Cross\spirv_common.hpp">
      <Filter>Source\Vulkan\SPIRV-Cross</Filter>
    </ClInclude>
    <ClInclude Include="SPIRV-Cross\spirv_cross.hpp">
      <Filter>Source\Vulkan\SPIRV-Cross</Filter>
    </ClInclude>
    <ClInclude Include="SPIRV-Cross\spirv_glsl.hpp">
      <Filter>Source\Vulkan\SPIRV-Cross</Filter>
    </ClInclude>
    <ClInclude Include="Vulkan\VulkanCommands.h">
      <Filter>Source\Vulkan</Filter>
    </ClInclude>
    <ClInclude Include="Vulkan\VulkanDescriptors.h">
      <Filter>Source\Vulkan</Filter>
    </ClInclude>
    <ClInclude Include="Vulkan\VulkanDevice.h">
      <Filter>Source\Vulkan</Filter>
    </ClInclude>
    <ClInclude Include="Vulkan\VulkanImage.h">
      <Filter>Source\Vulkan</Filter>
    </ClInclude>
    <ClInclude Include="Vulkan\VulkanMemory.h">
      <Filter>Source\Vulkan</Filter>
    </ClInclude>
    <ClInclude Include="Vulkan\VulkanRenderTargetView.h">
      <Filter>Source\Vulkan</Filter>
    </ClInclude>
    <ClInclude Include="Vulkan\VulkanShader.h">
      <Filter>Source\Vulkan</Filter>
    </ClInclude>
    <ClInclude Include="Vulkan\VulkanSurface.h">
      <Filter>Source\Vulkan</Filter>
    </ClInclude>
    <ClInclude Include="Platform\Platform.h">
      <Filter>Source\Platforms</Filter>
    </ClInclude>
    <ClInclude Include="Components\CStaticMesh.h">
      <Filter>Source\Components</Filter>
    </ClInclude>
    <ClInclude Include="Components\CTransform.h">
      <Filter>Source\Components</Filter>
    </ClInclude>
    <ClInclude Include="Components\CMaterial.h">
      <Filter>Source\Components</Filter>
    </ClInclude>
    <ClInclude Include="Engine\StaticMesh.h">
      <Filter>Source\Engine</Filter>
    </ClInclude>
    <ClInclude Include="Engine\View.h">
      <Filter>Source\Engine</Filter>
    </ClInclude>
    <ClInclude Include="Renderer\FullscreenQuad.h">
      <Filter>Source\Renderer</Filter>
    </ClInclude>
    <ClInclude Include="Renderer\LightingPass.h">
      <Filter>Source\Renderer</Filter>
    </ClInclude>
    <ClInclude Include="Renderer\MaterialShader.h">
      <Filter>Source\Renderer</Filter>
    </ClInclude>
    <ClInclude Include="Physics\Physics.h">
      <Filter>Source\Physics</Filter>
    </ClInclude>
    <ClInclude Include="CoreEngine.h">
      <Filter>Source Files</Filter>
    </ClInclude>
    <ClInclude Include="Components\CRenderer.h">
      <Filter>Source\Components</Filter>
    </ClInclude>
    <ClInclude Include="Engine\AssetManager.h">
      <Filter>Source\Engine</Filter>
    </ClInclude>
    <ClInclude Include="Engine\Cursor.h">
      <Filter>Source\Engine</Filter>
    </ClInclude>
    <ClInclude Include="Engine\Input.h">
      <Filter>Source\Engine</Filter>
    </ClInclude>
    <ClInclude Include="Renderer\RayMarching.h">
      <Filter>Source\Renderer</Filter>
    </ClInclude>
    <ClInclude Include="Components\CLight.h">
      <Filter>Source\Components</Filter>
    </ClInclude>
    <ClInclude Include="Renderer\Light.h">
      <Filter>Source\Renderer</Filter>
    </ClInclude>
    <ClInclude Include="Engine\Timers.h">
      <Filter>Source\Engine</Filter>
    </ClInclude>
    <ClInclude Include="Vulkan\VulkanDRM.h">
      <Filter>Source\Vulkan</Filter>
    </ClInclude>
    <ClInclude Include="Vulkan\VulkanCommandList.h">
      <Filter>Source\Vulkan</Filter>
    </ClInclude>
    <ClInclude Include="RenderCommandList.h">
      <Filter>Source\DRM</Filter>
    </ClInclude>
    <ClInclude Include="DRM.h">
      <Filter>Source\DRM</Filter>
    </ClInclude>
    <ClInclude Include="DRMResource.h">
      <Filter>Source\DRM</Filter>
    </ClInclude>
    <ClInclude Include="DRMShader.h">
      <Filter>Source\DRM</Filter>
    </ClInclude>
    <ClInclude Include="DRMPrivate.h">
      <Filter>Source\DRM</Filter>
    </ClInclude>
    <ClInclude Include="Engine\Screen.h">
      <Filter>Source\Engine</Filter>
    </ClInclude>
    <ClInclude Include="Engine\Types.h">
      <Filter>Source\Engine</Filter>
    </ClInclude>
    <ClInclude Include="ECS\System.h">
      <Filter>Source\ECS</Filter>
    </ClInclude>
    <ClInclude Include="Renderer\SceneRenderer.h">
      <Filter>Source\Renderer</Filter>
    </ClInclude>
    <ClInclude Include="ECS\EntityManager.h">
      <Filter>Source\ECS</Filter>
    </ClInclude>
    <ClInclude Include="ECS\Entity.h">
      <Filter>Source\ECS</Filter>
    </ClInclude>
    <ClInclude Include="ECS\Component.h">
      <Filter>Source\ECS</Filter>
    </ClInclude>
    <ClInclude Include="ECS\ComponentArray.h">
      <Filter>Source\ECS</Filter>
    </ClInclude>
    <ClInclude Include="Systems\TransformGizmoSystem.h">
      <Filter>Source\Systems</Filter>
    </ClInclude>
    <ClInclude Include="Systems\EditorControllerSystem.h">
      <Filter>Source\Systems</Filter>
    </ClInclude>
    <ClInclude Include="Systems\GameSystem.h">
      <Filter>Source\Systems</Filter>
    </ClInclude>
    <ClInclude Include="Renderer\SceneProxy.h">
      <Filter>Source\Renderer</Filter>
    </ClInclude>
    <ClInclude Include="Engine\Scene.h">
      <Filter>Source\Engine</Filter>
    </ClInclude>
    <ClInclude Include="Vulkan\VulkanQueues.h">
      <Filter>Source\Vulkan</Filter>
    </ClInclude>
    <ClInclude Include="Components\COutline.h">
      <Filter>Source\Components</Filter>
    </ClInclude>
    <ClInclude Include="Renderer\Voxels.h">
      <Filter>Source\Renderer</Filter>
    </ClInclude>
    <ClInclude Include="Renderer\MeshProxy.h">
      <Filter>Source\Renderer</Filter>
    </ClInclude>
    <ClInclude Include="Renderer\MeshDrawInterface.h">
      <Filter>Source\Renderer</Filter>
    </ClInclude>
  </ItemGroup>
  <ItemGroup>
    <ClCompile Include="main.cpp">
      <Filter>Source Files</Filter>
    </ClCompile>
    <ClCompile Include="SPIRV-Cross\spirv_cfg.cpp">
      <Filter>Source\Vulkan\SPIRV-Cross</Filter>
    </ClCompile>
    <ClCompile Include="SPIRV-Cross\spirv_cross.cpp">
      <Filter>Source\Vulkan\SPIRV-Cross</Filter>
    </ClCompile>
    <ClCompile Include="SPIRV-Cross\spirv_glsl.cpp">
      <Filter>Source\Vulkan\SPIRV-Cross</Filter>
    </ClCompile>
    <ClCompile Include="Vulkan\VulkanCommands.cpp">
      <Filter>Source\Vulkan</Filter>
    </ClCompile>
    <ClCompile Include="Vulkan\VulkanDescriptors.cpp">
      <Filter>Source\Vulkan</Filter>
    </ClCompile>
    <ClCompile Include="Vulkan\VulkanDevice.cpp">
      <Filter>Source\Vulkan</Filter>
    </ClCompile>
    <ClCompile Include="Vulkan\VulkanImage.cpp">
      <Filter>Source\Vulkan</Filter>
    </ClCompile>
    <ClCompile Include="Vulkan\VulkanMemory.cpp">
      <Filter>Source\Vulkan</Filter>
    </ClCompile>
    <ClCompile Include="Vulkan\VulkanRenderTargetView.cpp">
      <Filter>Source\Vulkan</Filter>
    </ClCompile>
    <ClCompile Include="Vulkan\VulkanShader.cpp">
      <Filter>Source\Vulkan</Filter>
    </ClCompile>
    <ClCompile Include="Vulkan\VulkanSurface.cpp">
      <Filter>Source\Vulkan</Filter>
    </ClCompile>
    <ClCompile Include="Platform\Platform.cpp">
      <Filter>Source\Platforms</Filter>
    </ClCompile>
    <ClCompile Include="Components\CStaticMesh.cpp">
      <Filter>Source\Components</Filter>
    </ClCompile>
    <ClCompile Include="Components\CTransform.cpp">
      <Filter>Source\Components</Filter>
    </ClCompile>
    <ClCompile Include="Engine\StaticMesh.cpp">
      <Filter>Source\Engine</Filter>
    </ClCompile>
    <ClCompile Include="Engine\View.cpp">
      <Filter>Source\Engine</Filter>
    </ClCompile>
    <ClCompile Include="Renderer\LightingPass.cpp">
      <Filter>Source\Renderer</Filter>
    </ClCompile>
    <ClCompile Include="Physics\Physics.cpp">
      <Filter>Source\Physics</Filter>
    </ClCompile>
    <ClCompile Include="CoreEngine.cpp">
      <Filter>Source Files</Filter>
    </ClCompile>
    <ClCompile Include="Engine\AssetManager.cpp">
      <Filter>Source\Engine</Filter>
    </ClCompile>
    <ClCompile Include="Engine\Timers.cpp">
      <Filter>Source\Engine</Filter>
    </ClCompile>
    <ClCompile Include="Vulkan\VulkanDRM.cpp">
      <Filter>Source\Vulkan</Filter>
    </ClCompile>
    <ClCompile Include="DRM.cpp">
      <Filter>Source\DRM</Filter>
    </ClCompile>
    <ClCompile Include="Vulkan\VulkanCommandList.cpp">
      <Filter>Source\Vulkan</Filter>
    </ClCompile>
    <ClCompile Include="DRMResource.cpp">
      <Filter>Source\DRM</Filter>
    </ClCompile>
    <ClCompile Include="Vulkan\VulkanRenderPass.cpp">
      <Filter>Source\Vulkan</Filter>
    </ClCompile>
    <ClCompile Include="Vulkan\VulkanPipeline.cpp">
      <Filter>Source\Vulkan</Filter>
    </ClCompile>
    <ClCompile Include="Components\CMaterial.cpp">
      <Filter>Source\Components</Filter>
    </ClCompile>
    <ClCompile Include="Engine\Screen.cpp">
      <Filter>Source\Engine</Filter>
    </ClCompile>
    <ClCompile Include="ECS\System.cpp">
      <Filter>Source\ECS</Filter>
    </ClCompile>
    <ClCompile Include="Renderer\SceneRenderer.cpp">
      <Filter>Source\Renderer</Filter>
    </ClCompile>
    <ClCompile Include="ECS\Entity.cpp">
      <Filter>Source\ECS</Filter>
    </ClCompile>
    <ClCompile Include="ECS\EntityManager.cpp">
      <Filter>Source\ECS</Filter>
    </ClCompile>
    <ClCompile Include="Systems\EditorControllerSystem.cpp">
      <Filter>Source\Systems</Filter>
    </ClCompile>
    <ClCompile Include="Systems\GameSystem.cpp">
      <Filter>Source\Systems</Filter>
    </ClCompile>
    <ClCompile Include="Systems\TransformGizmoSystem.cpp">
      <Filter>Source\Systems</Filter>
    </ClCompile>
    <ClCompile Include="Renderer\SceneProxy.cpp">
      <Filter>Source\Renderer</Filter>
    </ClCompile>
    <ClCompile Include="Engine\Scene.cpp">
      <Filter>Source\Engine</Filter>
    </ClCompile>
    <ClCompile Include="Vulkan\VulkanQueues.cpp">
      <Filter>Source\Vulkan</Filter>
    </ClCompile>
    <ClCompile Include="Engine\Cursor.cpp">
      <Filter>Source\Engine</Filter>
    </ClCompile>
    <ClCompile Include="Engine\Input.cpp">
      <Filter>Source\Engine</Filter>
    </ClCompile>
    <ClCompile Include="Renderer\Skybox.cpp">
      <Filter>Source\Renderer</Filter>
    </ClCompile>
    <ClCompile Include="Renderer\Voxels.cpp">
      <Filter>Source\Renderer</Filter>
    </ClCompile>
    <ClCompile Include="Renderer\MeshProxy.cpp">
      <Filter>Source\Renderer</Filter>
    </ClCompile>
  </ItemGroup>
  <ItemGroup>
    <None Include="..\Shaders\FullscreenFS.glsl">
      <Filter>Shaders</Filter>
    </None>
    <None Include="..\Shaders\FullscreenVS.glsl">
      <Filter>Shaders</Filter>
    </None>
    <None Include="..\Shaders\Common.glsl">
      <Filter>Shaders</Filter>
    </None>
    <None Include="..\Shaders\LightingPassVS.glsl">
      <Filter>Shaders</Filter>
    </None>
    <None Include="..\Shaders\LightingPassFS.glsl">
      <Filter>Shaders</Filter>
    </None>
    <None Include="..\Shaders\StaticMeshVS.glsl">
      <Filter>Shaders</Filter>
    </None>
    <None Include="..\Shaders\StaticMeshFS.glsl">
      <Filter>Shaders</Filter>
    </None>
    <None Include="..\Shaders\DepthPassVS.glsl">
      <Filter>Shaders</Filter>
    </None>
    <None Include="..\Shaders\SkyboxVS.glsl">
      <Filter>Shaders</Filter>
    </None>
    <None Include="..\Shaders\SkyboxFS.glsl">
      <Filter>Shaders</Filter>
    </None>
    <None Include="..\Shaders\RayMarching.glsl">
      <Filter>Shaders</Filter>
    </None>
    <None Include="..\Shaders\LightingCommon.glsl">
      <Filter>Shaders</Filter>
    </None>
    <None Include="..\Shaders\RayMarchingCommon.glsl">
      <Filter>Shaders</Filter>
    </None>
    <None Include="..\Shaders\MaterialCommon.glsl">
      <Filter>Shaders</Filter>
    </None>
    <None Include="..\Shaders\SceneCommon.glsl">
      <Filter>Shaders</Filter>
    </None>
    <None Include="ECS\ComponentArray.inl">
      <Filter>Source\ECS</Filter>
    </None>
    <None Include="..\Shaders\VoxelsVS.glsl">
      <Filter>Shaders</Filter>
    </None>
    <None Include="..\Shaders\VoxelsGS.glsl">
      <Filter>Shaders</Filter>
    </None>
    <None Include="..\Shaders\VoxelsFS.glsl">
      <Filter>Shaders</Filter>
    </None>
    <None Include="..\Shaders\VoxelsCommon.glsl">
      <Filter>Shaders</Filter>
    </None>
    <None Include="..\Config\Engine.ini">
      <Filter>Config</Filter>
    </None>
  </ItemGroup>
</Project>